# This file is automatically @generated by Poetry 1.8.2 and should not be changed by hand.

[[package]]
name = "pdftotext"
version = "2.2.2"
description = "Simple PDF text extraction"
optional = false
python-versions = "*"
files = [
    {file = "pdftotext-2.2.2.tar.gz", hash = "sha256:2a9aa89bc62022408781b39d188fabf5a3ad1103b6630f32c4e27e395f7966ee"},
]

[metadata]
lock-version = "2.0"
python-versions = "^3.10"
content-hash = "e6304be4dca200eb08a569dcf4c0f080a7c673d6727014abf73fe63b3d3eae2b"
